
Microsoft Visual Studio Solution File, Format Version 12.00
Project("{FAE04EC0-301F-11D3-BF4B-00C04F79EFBC}") = "Filtering", "Filtering\Filtering.csproj", "{4AF70572-B3A0-4265-B19C-13A3EDD796B5}"
EndProject
Project("{FAE04EC0-301F-11D3-BF4B-00C04F79EFBC}") = "Commands", "Commands\Commands.csproj", "{FE0B0290-7550-45BF-BF07-A9E9AC971061}"
EndProject
Project("{FAE04EC0-301F-11D3-BF4B-00C04F79EFBC}") = "ConsoleApplication", "ConsoleApplication\ConsoleApplication.csproj", "{4B52E56B-4DAA-4C05-A3AF-2F577CE8ACC8}"
EndProject
Global
	GlobalSection(SolutionConfigurationPlatforms) = preSolution
		Debug|Any CPU = Debug|Any CPU
		Release|Any CPU = Release|Any CPU
	EndGlobalSection
	GlobalSection(ProjectConfigurationPlatforms) = postSolution
		{4AF70572-B3A0-4265-B19C-13A3EDD796B5}.Debug|Any CPU.ActiveCfg = Debug|Any CPU
		{4AF70572-B3A0-4265-B19C-13A3EDD796B5}.Debug|Any CPU.Build.0 = Debug|Any CPU
		{4AF70572-B3A0-4265-B19C-13A3EDD796B5}.Release|Any CPU.ActiveCfg = Release|Any CPU
		{4AF70572-B3A0-4265-B19C-13A3EDD796B5}.Release|Any CPU.Build.0 = Release|Any CPU
		{FE0B0290-7550-45BF-BF07-A9E9AC971061}.Debug|Any CPU.ActiveCfg = Debug|Any CPU
		{FE0B0290-7550-45BF-BF07-A9E9AC971061}.Debug|Any CPU.Build.0 = Debug|Any CPU
		{FE0B0290-7550-45BF-BF07-A9E9AC971061}.Release|Any CPU.ActiveCfg = Release|Any CPU
		{FE0B0290-7550-45BF-BF07-A9E9AC971061}.Release|Any CPU.Build.0 = Release|Any CPU
		{4B52E56B-4DAA-4C05-A3AF-2F577CE8ACC8}.Debug|Any CPU.ActiveCfg = Debug|Any CPU
		{4B52E56B-4DAA-4C05-A3AF-2F577CE8ACC8}.Debug|Any CPU.Build.0 = Debug|Any CPU
		{4B52E56B-4DAA-4C05-A3AF-2F577CE8ACC8}.Release|Any CPU.ActiveCfg = Release|Any CPU
		{4B52E56B-4DAA-4C05-A3AF-2F577CE8ACC8}.Release|Any CPU.Build.0 = Release|Any CPU
	EndGlobalSection
EndGlobal
