
Microsoft Visual Studio Solution File, Format Version 12.00
Project("{FAE04EC0-301F-11D3-BF4B-00C04F79EFBC}") = "Filtering", "Filtering\Filtering.csproj", "{4AF70572-B3A0-4265-B19C-13A3EDD796B5}"
EndProject
Project("{FAE04EC0-301F-11D3-BF4B-00C04F79EFBC}") = "DataSaving", "DataSaving\DataSaving.csproj", "{FE0B0290-7550-45BF-BF07-A9E9AC971061}"
EndProject
Project("{FAE04EC0-301F-11D3-BF4B-00C04F79EFBC}") = "ConsoleApplication", "ConsoleApplication\ConsoleApplication.csproj", "{4B52E56B-4DAA-4C05-A3AF-2F577CE8ACC8}"
EndProject
Project("{FAE04EC0-301F-11D3-BF4B-00C04F79EFBC}") = "Tests", "Tests\Tests.csproj", "{1D33DC6F-B373-45C8-9B04-8B78730CDDD4}"
EndProject
Project("{FAE04EC0-301F-11D3-BF4B-00C04F79EFBC}") = "ScoreHandeling", "ScoreHandeling\ScoreHandeling.csproj", "{B68EE9EE-F6D2-43F8-A9DC-AA440F2B5E9E}"
EndProject
Project("{2150E333-8FDC-42A3-9474-1A3956D46DE8}") = "Source", "Source", "{1A9D7FDB-2AC5-46E4-B0A1-4E91C8A7EF8C}"
EndProject
Project("{2150E333-8FDC-42A3-9474-1A3956D46DE8}") = "Applications", "Applications", "{0213B89A-8265-44FD-BCA1-D7A3F1E63253}"
EndProject
Project("{2150E333-8FDC-42A3-9474-1A3956D46DE8}") = "Activitys", "Activitys", "{227E6E10-2DA1-4BB2-9D23-919920FA191A}"
EndProject
Project("{FAE04EC0-301F-11D3-BF4B-00C04F79EFBC}") = "ProcessActivity", "ProcessActivity\ProcessActivity.csproj", "{2DFE9672-3311-41D0-9EF1-E0BB5BB481F9}"
EndProject
Global
	GlobalSection(SolutionConfigurationPlatforms) = preSolution
		Debug|Any CPU = Debug|Any CPU
		Release|Any CPU = Release|Any CPU
	EndGlobalSection
	GlobalSection(ProjectConfigurationPlatforms) = postSolution
		{4AF70572-B3A0-4265-B19C-13A3EDD796B5}.Debug|Any CPU.ActiveCfg = Debug|Any CPU
		{4AF70572-B3A0-4265-B19C-13A3EDD796B5}.Debug|Any CPU.Build.0 = Debug|Any CPU
		{4AF70572-B3A0-4265-B19C-13A3EDD796B5}.Release|Any CPU.ActiveCfg = Release|Any CPU
		{4AF70572-B3A0-4265-B19C-13A3EDD796B5}.Release|Any CPU.Build.0 = Release|Any CPU
		{FE0B0290-7550-45BF-BF07-A9E9AC971061}.Debug|Any CPU.ActiveCfg = Debug|Any CPU
		{FE0B0290-7550-45BF-BF07-A9E9AC971061}.Debug|Any CPU.Build.0 = Debug|Any CPU
		{FE0B0290-7550-45BF-BF07-A9E9AC971061}.Release|Any CPU.ActiveCfg = Release|Any CPU
		{FE0B0290-7550-45BF-BF07-A9E9AC971061}.Release|Any CPU.Build.0 = Release|Any CPU
		{4B52E56B-4DAA-4C05-A3AF-2F577CE8ACC8}.Debug|Any CPU.ActiveCfg = Debug|Any CPU
		{4B52E56B-4DAA-4C05-A3AF-2F577CE8ACC8}.Debug|Any CPU.Build.0 = Debug|Any CPU
		{4B52E56B-4DAA-4C05-A3AF-2F577CE8ACC8}.Release|Any CPU.ActiveCfg = Release|Any CPU
		{4B52E56B-4DAA-4C05-A3AF-2F577CE8ACC8}.Release|Any CPU.Build.0 = Release|Any CPU
		{1D33DC6F-B373-45C8-9B04-8B78730CDDD4}.Debug|Any CPU.ActiveCfg = Debug|Any CPU
		{1D33DC6F-B373-45C8-9B04-8B78730CDDD4}.Debug|Any CPU.Build.0 = Debug|Any CPU
		{1D33DC6F-B373-45C8-9B04-8B78730CDDD4}.Release|Any CPU.ActiveCfg = Release|Any CPU
		{1D33DC6F-B373-45C8-9B04-8B78730CDDD4}.Release|Any CPU.Build.0 = Release|Any CPU
		{B68EE9EE-F6D2-43F8-A9DC-AA440F2B5E9E}.Debug|Any CPU.ActiveCfg = Debug|Any CPU
		{B68EE9EE-F6D2-43F8-A9DC-AA440F2B5E9E}.Debug|Any CPU.Build.0 = Debug|Any CPU
		{B68EE9EE-F6D2-43F8-A9DC-AA440F2B5E9E}.Release|Any CPU.ActiveCfg = Release|Any CPU
		{B68EE9EE-F6D2-43F8-A9DC-AA440F2B5E9E}.Release|Any CPU.Build.0 = Release|Any CPU
		{2DFE9672-3311-41D0-9EF1-E0BB5BB481F9}.Debug|Any CPU.ActiveCfg = Debug|Any CPU
		{2DFE9672-3311-41D0-9EF1-E0BB5BB481F9}.Debug|Any CPU.Build.0 = Debug|Any CPU
		{2DFE9672-3311-41D0-9EF1-E0BB5BB481F9}.Release|Any CPU.ActiveCfg = Release|Any CPU
		{2DFE9672-3311-41D0-9EF1-E0BB5BB481F9}.Release|Any CPU.Build.0 = Release|Any CPU
	EndGlobalSection
	GlobalSection(NestedProjects) = preSolution
		{FE0B0290-7550-45BF-BF07-A9E9AC971061} = {1A9D7FDB-2AC5-46E4-B0A1-4E91C8A7EF8C}
		{4AF70572-B3A0-4265-B19C-13A3EDD796B5} = {1A9D7FDB-2AC5-46E4-B0A1-4E91C8A7EF8C}
		{B68EE9EE-F6D2-43F8-A9DC-AA440F2B5E9E} = {1A9D7FDB-2AC5-46E4-B0A1-4E91C8A7EF8C}
		{1D33DC6F-B373-45C8-9B04-8B78730CDDD4} = {1A9D7FDB-2AC5-46E4-B0A1-4E91C8A7EF8C}
		{0213B89A-8265-44FD-BCA1-D7A3F1E63253} = {1A9D7FDB-2AC5-46E4-B0A1-4E91C8A7EF8C}
		{4B52E56B-4DAA-4C05-A3AF-2F577CE8ACC8} = {0213B89A-8265-44FD-BCA1-D7A3F1E63253}
		{227E6E10-2DA1-4BB2-9D23-919920FA191A} = {1A9D7FDB-2AC5-46E4-B0A1-4E91C8A7EF8C}
		{2DFE9672-3311-41D0-9EF1-E0BB5BB481F9} = {227E6E10-2DA1-4BB2-9D23-919920FA191A}
	EndGlobalSection
EndGlobal
